
Microsoft Visual Studio Solution File, Format Version 12.00
# Visual Studio Version 17
VisualStudioVersion = 17.5.002.0
MinimumVisualStudioVersion = 10.0.40219.1
Project("{2150E333-8FDC-42A3-9474-1A3956D46DE8}") = "sandbox", "sandbox", "{5F69D5AC-B98F-4E4A-A2DD-EA2D1758F2E7}"
EndProject
Project("{9A19103F-16F7-4668-BE54-9A1E7A4F7556}") = "sandbox_project", "sandbox\sandbox_project\sandbox_project.csproj", "{97AB1D86-FE1F-4D2A-ADF5-9F7611762862}"
EndProject
Project("{2150E333-8FDC-42A3-9474-1A3956D46DE8}") = "week01", "week01", "{9CF358EB-E847-4034-A67D-1213B57483B0}"
EndProject
Project("{9A19103F-16F7-4668-BE54-9A1E7A4F7556}") = "analyze", "week01\analyze\analyze.csproj", "{02BF6433-310B-49BC-A027-622C2AFA1489}"
EndProject
Project("{9A19103F-16F7-4668-BE54-9A1E7A4F7556}") = "code", "week01\code\code.csproj", "{186DF8FE-D713-4315-9E2F-0A29B988EBB0}"
EndProject
Project("{9A19103F-16F7-4668-BE54-9A1E7A4F7556}") = "teach", "week01\teach\teach.csproj", "{4A7E014D-83E7-4342-8FAC-ECD55DEC327B}"
EndProject
Project("{2150E333-8FDC-42A3-9474-1A3956D46DE8}") = "week02", "week02", "{A806CFFE-D268-459C-8E97-053B594A63E8}"
EndProject
Project("{9A19103F-16F7-4668-BE54-9A1E7A4F7556}") = "analyze", "week02\analyze\analyze.csproj", "{07DB8BFC-4086-4C52-8956-73C5C00AF365}"
EndProject
Project("{9A19103F-16F7-4668-BE54-9A1E7A4F7556}") = "code", "week02\code\code.csproj", "{AED3BF50-F530-42CA-985E-E6B06227A005}"
EndProject
Project("{9A19103F-16F7-4668-BE54-9A1E7A4F7556}") = "learn", "week02\learn\learn.csproj", "{41185AD3-3740-4B00-89A1-AE545A1712E3}"
EndProject
Project("{9A19103F-16F7-4668-BE54-9A1E7A4F7556}") = "teach", "week02\teach\teach.csproj", "{1E1439EF-E1F9-4921-8480-FFE5A50CDAB4}"
EndProject
Project("{2150E333-8FDC-42A3-9474-1A3956D46DE8}") = "week03", "week03", "{1A2BC08A-9BD5-4D5D-862F-88A3B9B6BBAF}"
EndProject
Project("{9A19103F-16F7-4668-BE54-9A1E7A4F7556}") = "code", "week03\code\code.csproj", "{2CBC09A6-47E1-464B-B13A-86C91E29FEB1}"
EndProject
Project("{9A19103F-16F7-4668-BE54-9A1E7A4F7556}") = "learn", "week03\learn\learn.csproj", "{D7EAA88E-8744-495C-8F71-D2DF7FC0644E}"
EndProject
Project("{9A19103F-16F7-4668-BE54-9A1E7A4F7556}") = "teach", "week03\teach\teach.csproj", "{13DF9A3A-4659-44B9-9E9D-B3181730AEDD}"
EndProject
Project("{2150E333-8FDC-42A3-9474-1A3956D46DE8}") = "week04", "week04", "{4DD485FA-F3A7-4B53-93BA-FAB616886B51}"
EndProject
Project("{9A19103F-16F7-4668-BE54-9A1E7A4F7556}") = "code", "week04\code\code.csproj", "{C131016A-CA7E-4D5D-A474-F901CEE7C73D}"
EndProject
Project("{2150E333-8FDC-42A3-9474-1A3956D46DE8}") = "week05", "week05", "{14F213A7-1383-4259-9F59-CD33554AA1AC}"
EndProject
Project("{9A19103F-16F7-4668-BE54-9A1E7A4F7556}") = "code", "week05\code\code.csproj", "{94965F19-63C5-4C91-9EF6-B1E4D2427D26}"
EndProject
Project("{2150E333-8FDC-42A3-9474-1A3956D46DE8}") = "week06", "week06", "{C26F157B-3DFD-45D5-8185-ADE4A62C26B5}"
EndProject
Project("{9A19103F-16F7-4668-BE54-9A1E7A4F7556}") = "code", "week06\code\code.csproj", "{497752AD-7F97-40E2-B271-A95BD13E5F79}"
EndProject
Global
	GlobalSection(SolutionConfigurationPlatforms) = preSolution
		Debug|Any CPU = Debug|Any CPU
		Release|Any CPU = Release|Any CPU
	EndGlobalSection
	GlobalSection(ProjectConfigurationPlatforms) = postSolution
		{97AB1D86-FE1F-4D2A-ADF5-9F7611762862}.Debug|Any CPU.ActiveCfg = Debug|Any CPU
		{97AB1D86-FE1F-4D2A-ADF5-9F7611762862}.Debug|Any CPU.Build.0 = Debug|Any CPU
		{97AB1D86-FE1F-4D2A-ADF5-9F7611762862}.Release|Any CPU.ActiveCfg = Release|Any CPU
		{97AB1D86-FE1F-4D2A-ADF5-9F7611762862}.Release|Any CPU.Build.0 = Release|Any CPU
		{02BF6433-310B-49BC-A027-622C2AFA1489}.Debug|Any CPU.ActiveCfg = Debug|Any CPU
		{02BF6433-310B-49BC-A027-622C2AFA1489}.Debug|Any CPU.Build.0 = Debug|Any CPU
		{02BF6433-310B-49BC-A027-622C2AFA1489}.Release|Any CPU.ActiveCfg = Release|Any CPU
		{02BF6433-310B-49BC-A027-622C2AFA1489}.Release|Any CPU.Build.0 = Release|Any CPU
		{186DF8FE-D713-4315-9E2F-0A29B988EBB0}.Debug|Any CPU.ActiveCfg = Debug|Any CPU
		{186DF8FE-D713-4315-9E2F-0A29B988EBB0}.Debug|Any CPU.Build.0 = Debug|Any CPU
		{186DF8FE-D713-4315-9E2F-0A29B988EBB0}.Release|Any CPU.ActiveCfg = Release|Any CPU
		{186DF8FE-D713-4315-9E2F-0A29B988EBB0}.Release|Any CPU.Build.0 = Release|Any CPU
		{4A7E014D-83E7-4342-8FAC-ECD55DEC327B}.Debug|Any CPU.ActiveCfg = Debug|Any CPU
		{4A7E014D-83E7-4342-8FAC-ECD55DEC327B}.Debug|Any CPU.Build.0 = Debug|Any CPU
		{4A7E014D-83E7-4342-8FAC-ECD55DEC327B}.Release|Any CPU.ActiveCfg = Release|Any CPU
		{4A7E014D-83E7-4342-8FAC-ECD55DEC327B}.Release|Any CPU.Build.0 = Release|Any CPU
		{07DB8BFC-4086-4C52-8956-73C5C00AF365}.Debug|Any CPU.ActiveCfg = Debug|Any CPU
		{07DB8BFC-4086-4C52-8956-73C5C00AF365}.Debug|Any CPU.Build.0 = Debug|Any CPU
		{07DB8BFC-4086-4C52-8956-73C5C00AF365}.Release|Any CPU.ActiveCfg = Release|Any CPU
		{07DB8BFC-4086-4C52-8956-73C5C00AF365}.Release|Any CPU.Build.0 = Release|Any CPU
		{AED3BF50-F530-42CA-985E-E6B06227A005}.Debug|Any CPU.ActiveCfg = Debug|Any CPU
		{AED3BF50-F530-42CA-985E-E6B06227A005}.Debug|Any CPU.Build.0 = Debug|Any CPU
		{AED3BF50-F530-42CA-985E-E6B06227A005}.Release|Any CPU.ActiveCfg = Release|Any CPU
		{AED3BF50-F530-42CA-985E-E6B06227A005}.Release|Any CPU.Build.0 = Release|Any CPU
		{41185AD3-3740-4B00-89A1-AE545A1712E3}.Debug|Any CPU.ActiveCfg = Debug|Any CPU
		{41185AD3-3740-4B00-89A1-AE545A1712E3}.Debug|Any CPU.Build.0 = Debug|Any CPU
		{41185AD3-3740-4B00-89A1-AE545A1712E3}.Release|Any CPU.ActiveCfg = Release|Any CPU
		{41185AD3-3740-4B00-89A1-AE545A1712E3}.Release|Any CPU.Build.0 = Release|Any CPU
		{1E1439EF-E1F9-4921-8480-FFE5A50CDAB4}.Debug|Any CPU.ActiveCfg = Debug|Any CPU
		{1E1439EF-E1F9-4921-8480-FFE5A50CDAB4}.Debug|Any CPU.Build.0 = Debug|Any CPU
		{1E1439EF-E1F9-4921-8480-FFE5A50CDAB4}.Release|Any CPU.ActiveCfg = Release|Any CPU
		{1E1439EF-E1F9-4921-8480-FFE5A50CDAB4}.Release|Any CPU.Build.0 = Release|Any CPU
		{2CBC09A6-47E1-464B-B13A-86C91E29FEB1}.Debug|Any CPU.ActiveCfg = Debug|Any CPU
		{2CBC09A6-47E1-464B-B13A-86C91E29FEB1}.Debug|Any CPU.Build.0 = Debug|Any CPU
		{2CBC09A6-47E1-464B-B13A-86C91E29FEB1}.Release|Any CPU.ActiveCfg = Release|Any CPU
		{2CBC09A6-47E1-464B-B13A-86C91E29FEB1}.Release|Any CPU.Build.0 = Release|Any CPU
		{D7EAA88E-8744-495C-8F71-D2DF7FC0644E}.Debug|Any CPU.ActiveCfg = Debug|Any CPU
		{D7EAA88E-8744-495C-8F71-D2DF7FC0644E}.Debug|Any CPU.Build.0 = Debug|Any CPU
		{D7EAA88E-8744-495C-8F71-D2DF7FC0644E}.Release|Any CPU.ActiveCfg = Release|Any CPU
		{D7EAA88E-8744-495C-8F71-D2DF7FC0644E}.Release|Any CPU.Build.0 = Release|Any CPU
		{13DF9A3A-4659-44B9-9E9D-B3181730AEDD}.Debug|Any CPU.ActiveCfg = Debug|Any CPU
		{13DF9A3A-4659-44B9-9E9D-B3181730AEDD}.Debug|Any CPU.Build.0 = Debug|Any CPU
		{13DF9A3A-4659-44B9-9E9D-B3181730AEDD}.Release|Any CPU.ActiveCfg = Release|Any CPU
		{13DF9A3A-4659-44B9-9E9D-B3181730AEDD}.Release|Any CPU.Build.0 = Release|Any CPU
		{C131016A-CA7E-4D5D-A474-F901CEE7C73D}.Debug|Any CPU.ActiveCfg = Debug|Any CPU
		{C131016A-CA7E-4D5D-A474-F901CEE7C73D}.Debug|Any CPU.Build.0 = Debug|Any CPU
		{C131016A-CA7E-4D5D-A474-F901CEE7C73D}.Release|Any CPU.ActiveCfg = Release|Any CPU
		{C131016A-CA7E-4D5D-A474-F901CEE7C73D}.Release|Any CPU.Build.0 = Release|Any CPU
		{94965F19-63C5-4C91-9EF6-B1E4D2427D26}.Debug|Any CPU.ActiveCfg = Debug|Any CPU
		{94965F19-63C5-4C91-9EF6-B1E4D2427D26}.Debug|Any CPU.Build.0 = Debug|Any CPU
		{94965F19-63C5-4C91-9EF6-B1E4D2427D26}.Release|Any CPU.ActiveCfg = Release|Any CPU
		{94965F19-63C5-4C91-9EF6-B1E4D2427D26}.Release|Any CPU.Build.0 = Release|Any CPU
		{497752AD-7F97-40E2-B271-A95BD13E5F79}.Debug|Any CPU.ActiveCfg = Debug|Any CPU
		{497752AD-7F97-40E2-B271-A95BD13E5F79}.Debug|Any CPU.Build.0 = Debug|Any CPU
		{497752AD-7F97-40E2-B271-A95BD13E5F79}.Release|Any CPU.ActiveCfg = Release|Any CPU
		{497752AD-7F97-40E2-B271-A95BD13E5F79}.Release|Any CPU.Build.0 = Release|Any CPU
	EndGlobalSection
	GlobalSection(SolutionProperties) = preSolution
		HideSolutionNode = FALSE
	EndGlobalSection
	GlobalSection(NestedProjects) = preSolution
		{97AB1D86-FE1F-4D2A-ADF5-9F7611762862} = {5F69D5AC-B98F-4E4A-A2DD-EA2D1758F2E7}
		{02BF6433-310B-49BC-A027-622C2AFA1489} = {9CF358EB-E847-4034-A67D-1213B57483B0}
		{186DF8FE-D713-4315-9E2F-0A29B988EBB0} = {9CF358EB-E847-4034-A67D-1213B57483B0}
		{4A7E014D-83E7-4342-8FAC-ECD55DEC327B} = {9CF358EB-E847-4034-A67D-1213B57483B0}
		{07DB8BFC-4086-4C52-8956-73C5C00AF365} = {A806CFFE-D268-459C-8E97-053B594A63E8}
		{AED3BF50-F530-42CA-985E-E6B06227A005} = {A806CFFE-D268-459C-8E97-053B594A63E8}
		{41185AD3-3740-4B00-89A1-AE545A1712E3} = {A806CFFE-D268-459C-8E97-053B594A63E8}
		{1E1439EF-E1F9-4921-8480-FFE5A50CDAB4} = {A806CFFE-D268-459C-8E97-053B594A63E8}
		{2CBC09A6-47E1-464B-B13A-86C91E29FEB1} = {1A2BC08A-9BD5-4D5D-862F-88A3B9B6BBAF}
		{D7EAA88E-8744-495C-8F71-D2DF7FC0644E} = {1A2BC08A-9BD5-4D5D-862F-88A3B9B6BBAF}
		{13DF9A3A-4659-44B9-9E9D-B3181730AEDD} = {1A2BC08A-9BD5-4D5D-862F-88A3B9B6BBAF}
		{C131016A-CA7E-4D5D-A474-F901CEE7C73D} = {4DD485FA-F3A7-4B53-93BA-FAB616886B51}
		{94965F19-63C5-4C91-9EF6-B1E4D2427D26} = {14F213A7-1383-4259-9F59-CD33554AA1AC}
		{497752AD-7F97-40E2-B271-A95BD13E5F79} = {C26F157B-3DFD-45D5-8185-ADE4A62C26B5}
	EndGlobalSection
	GlobalSection(ExtensibilityGlobals) = postSolution
		SolutionGuid = {A572C11A-890C-4FBD-8346-E07868592093}
	EndGlobalSection
EndGlobal
